// !$*UTF8*$!
{
	archiveVersion = 1;
	classes = {
	};
	objectVersion = 46;
	objects = {

/* Begin PBXBuildFile section */
		B16F89E214BB6E3C0098A8C3 /* UIKit.framework in Frameworks */ = {isa = PBXBuildFile; fileRef = B16F89E114BB6E3C0098A8C3 /* UIKit.framework */; };
		B16F89E414BB6E3C0098A8C3 /* Foundation.framework in Frameworks */ = {isa = PBXBuildFile; fileRef = B16F89E314BB6E3C0098A8C3 /* Foundation.framework */; };
		B16F89E614BB6E3C0098A8C3 /* CoreGraphics.framework in Frameworks */ = {isa = PBXBuildFile; fileRef = B16F89E514BB6E3C0098A8C3 /* CoreGraphics.framework */; };
		B16F89EC14BB6E3C0098A8C3 /* InfoPlist.strings in Resources */ = {isa = PBXBuildFile; fileRef = B16F89EA14BB6E3C0098A8C3 /* InfoPlist.strings */; };
		B16F89EF14BB6E3C0098A8C3 /* main.m in Sources */ = {isa = PBXBuildFile; fileRef = B16F89EE14BB6E3C0098A8C3 /* main.m */; };
		B16F89F214BB6E3C0098A8C3 /* FlightPingAppDelegate.m in Sources */ = {isa = PBXBuildFile; fileRef = B16F89F114BB6E3C0098A8C3 /* FlightPingAppDelegate.m */; };
		B16F89F514BB6E3C0098A8C3 /* MainWindow.xib in Resources */ = {isa = PBXBuildFile; fileRef = B16F89F314BB6E3C0098A8C3 /* MainWindow.xib */; };
		B16F89F814BB6E3C0098A8C3 /* RootViewController.m in Sources */ = {isa = PBXBuildFile; fileRef = B16F89F714BB6E3C0098A8C3 /* RootViewController.m */; };
		B16F89FB14BB6E3C0098A8C3 /* RootViewController.xib in Resources */ = {isa = PBXBuildFile; fileRef = B16F89F914BB6E3C0098A8C3 /* RootViewController.xib */; };
		B16F8A0C14BB71190098A8C3 /* OriginViewController.m in Sources */ = {isa = PBXBuildFile; fileRef = B16F8A0A14BB71190098A8C3 /* OriginViewController.m */; };
		B16F8A0D14BB71190098A8C3 /* OriginViewController.xib in Resources */ = {isa = PBXBuildFile; fileRef = B16F8A0B14BB71190098A8C3 /* OriginViewController.xib */; };
		B16F8A1914BB74E70098A8C3 /* DestinationViewController.m in Sources */ = {isa = PBXBuildFile; fileRef = B16F8A1714BB74E70098A8C3 /* DestinationViewController.m */; };
		B16F8A1A14BB74E70098A8C3 /* DestinationViewController.xib in Resources */ = {isa = PBXBuildFile; fileRef = B16F8A1814BB74E70098A8C3 /* DestinationViewController.xib */; };
		B16F8A1E14BB759E0098A8C3 /* FlightScheduleViewController.m in Sources */ = {isa = PBXBuildFile; fileRef = B16F8A1C14BB759D0098A8C3 /* FlightScheduleViewController.m */; };
		B16F8A1F14BB759E0098A8C3 /* FlightScheduleViewController.xib in Resources */ = {isa = PBXBuildFile; fileRef = B16F8A1D14BB759D0098A8C3 /* FlightScheduleViewController.xib */; };
		B16F8A2E14BB84D00098A8C3 /* FlightScheduleCell.xib in Resources */ = {isa = PBXBuildFile; fileRef = B16F8A2D14BB84D00098A8C3 /* FlightScheduleCell.xib */; };
		B16F8A3114BB84E70098A8C3 /* FlightScheduleCell.m in Sources */ = {isa = PBXBuildFile; fileRef = B16F8A3014BB84E60098A8C3 /* FlightScheduleCell.m */; };
		B18F87EA14BCCC9500F39218 /* OriginDestination.plist in Resources */ = {isa = PBXBuildFile; fileRef = B18F87E914BCCC9500F39218 /* OriginDestination.plist */; };
		B1C6BDB114CA998400A89AA0 /* ASIAuthenticationDialog.m in Sources */ = {isa = PBXBuildFile; fileRef = B1C6BD9814CA998400A89AA0 /* ASIAuthenticationDialog.m */; };
		B1C6BDB214CA998400A89AA0 /* ASIDataCompressor.m in Sources */ = {isa = PBXBuildFile; fileRef = B1C6BD9B14CA998400A89AA0 /* ASIDataCompressor.m */; };
		B1C6BDB314CA998400A89AA0 /* ASIDataDecompressor.m in Sources */ = {isa = PBXBuildFile; fileRef = B1C6BD9D14CA998400A89AA0 /* ASIDataDecompressor.m */; };
		B1C6BDB414CA998400A89AA0 /* ASIDownloadCache.m in Sources */ = {isa = PBXBuildFile; fileRef = B1C6BD9F14CA998400A89AA0 /* ASIDownloadCache.m */; };
		B1C6BDB514CA998400A89AA0 /* ASIFormDataRequest.m in Sources */ = {isa = PBXBuildFile; fileRef = B1C6BDA114CA998400A89AA0 /* ASIFormDataRequest.m */; };
		B1C6BDB614CA998400A89AA0 /* ASIHTTPRequest.m in Sources */ = {isa = PBXBuildFile; fileRef = B1C6BDA314CA998400A89AA0 /* ASIHTTPRequest.m */; };
		B1C6BDB714CA998400A89AA0 /* ASIInputStream.m in Sources */ = {isa = PBXBuildFile; fileRef = B1C6BDA714CA998400A89AA0 /* ASIInputStream.m */; };
		B1C6BDB814CA998400A89AA0 /* ASINetworkQueue.m in Sources */ = {isa = PBXBuildFile; fileRef = B1C6BDA914CA998400A89AA0 /* ASINetworkQueue.m */; };
		B1C6BDBA14CA998400A89AA0 /* Reachability.m in Sources */ = {isa = PBXBuildFile; fileRef = B1C6BDB014CA998400A89AA0 /* Reachability.m */; };
		B1C6BDBC14CA99BD00A89AA0 /* CFNetwork.framework in Frameworks */ = {isa = PBXBuildFile; fileRef = B1C6BDBB14CA99BD00A89AA0 /* CFNetwork.framework */; };
		B1C6BDBE14CA99CA00A89AA0 /* SystemConfiguration.framework in Frameworks */ = {isa = PBXBuildFile; fileRef = B1C6BDBD14CA99CA00A89AA0 /* SystemConfiguration.framework */; };
		B1C6BDC014CA99D300A89AA0 /* MobileCoreServices.framework in Frameworks */ = {isa = PBXBuildFile; fileRef = B1C6BDBF14CA99D300A89AA0 /* MobileCoreServices.framework */; };
		B1C6BDC314CA99EA00A89AA0 /* libz.dylib in Frameworks */ = {isa = PBXBuildFile; fileRef = B1C6BDC214CA99EA00A89AA0 /* libz.dylib */; };
		B1C6BDC714CA9C9700A89AA0 /* FlightNumberViewController.m in Sources */ = {isa = PBXBuildFile; fileRef = B1C6BDC514CA9C9700A89AA0 /* FlightNumberViewController.m */; };
		B1C6BDC814CA9C9700A89AA0 /* FlightNumberViewController.xib in Resources */ = {isa = PBXBuildFile; fileRef = B1C6BDC614CA9C9700A89AA0 /* FlightNumberViewController.xib */; };
		B1C6BDDD14CAB51F00A89AA0 /* NSObject+SBJSON.m in Sources */ = {isa = PBXBuildFile; fileRef = B1C6BDD414CAB51F00A89AA0 /* NSObject+SBJSON.m */; };
		B1C6BDDE14CAB51F00A89AA0 /* NSString+SBJSON.m in Sources */ = {isa = PBXBuildFile; fileRef = B1C6BDD614CAB51F00A89AA0 /* NSString+SBJSON.m */; };
		B1C6BDDF14CAB51F00A89AA0 /* SBJsonBase.m in Sources */ = {isa = PBXBuildFile; fileRef = B1C6BDD814CAB51F00A89AA0 /* SBJsonBase.m */; };
		B1C6BDE014CAB51F00A89AA0 /* SBJsonParser.m in Sources */ = {isa = PBXBuildFile; fileRef = B1C6BDDA14CAB51F00A89AA0 /* SBJsonParser.m */; };
		B1C6BDE114CAB51F00A89AA0 /* SBJsonWriter.m in Sources */ = {isa = PBXBuildFile; fileRef = B1C6BDDC14CAB51F00A89AA0 /* SBJsonWriter.m */; };
/* End PBXBuildFile section */

/* Begin PBXFileReference section */
		B16F89DD14BB6E3C0098A8C3 /* FlightPing.app */ = {isa = PBXFileReference; explicitFileType = wrapper.application; includeInIndex = 0; path = FlightPing.app; sourceTree = BUILT_PRODUCTS_DIR; };
		B16F89E114BB6E3C0098A8C3 /* UIKit.framework */ = {isa = PBXFileReference; lastKnownFileType = wrapper.framework; name = UIKit.framework; path = System/Library/Frameworks/UIKit.framework; sourceTree = SDKROOT; };
		B16F89E314BB6E3C0098A8C3 /* Foundation.framework */ = {isa = PBXFileReference; lastKnownFileType = wrapper.framework; name = Foundation.framework; path = System/Library/Frameworks/Foundation.framework; sourceTree = SDKROOT; };
		B16F89E514BB6E3C0098A8C3 /* CoreGraphics.framework */ = {isa = PBXFileReference; lastKnownFileType = wrapper.framework; name = CoreGraphics.framework; path = System/Library/Frameworks/CoreGraphics.framework; sourceTree = SDKROOT; };
		B16F89E914BB6E3C0098A8C3 /* FlightPing-Info.plist */ = {isa = PBXFileReference; lastKnownFileType = text.plist.xml; path = "FlightPing-Info.plist"; sourceTree = "<group>"; };
		B16F89EB14BB6E3C0098A8C3 /* en */ = {isa = PBXFileReference; lastKnownFileType = text.plist.strings; name = en; path = en.lproj/InfoPlist.strings; sourceTree = "<group>"; };
		B16F89ED14BB6E3C0098A8C3 /* FlightPing-Prefix.pch */ = {isa = PBXFileReference; lastKnownFileType = sourcecode.c.h; path = "FlightPing-Prefix.pch"; sourceTree = "<group>"; };
		B16F89EE14BB6E3C0098A8C3 /* main.m */ = {isa = PBXFileReference; lastKnownFileType = sourcecode.c.objc; path = main.m; sourceTree = "<group>"; };
		B16F89F014BB6E3C0098A8C3 /* FlightPingAppDelegate.h */ = {isa = PBXFileReference; lastKnownFileType = sourcecode.c.h; path = FlightPingAppDelegate.h; sourceTree = "<group>"; };
		B16F89F114BB6E3C0098A8C3 /* FlightPingAppDelegate.m */ = {isa = PBXFileReference; lastKnownFileType = sourcecode.c.objc; path = FlightPingAppDelegate.m; sourceTree = "<group>"; };
		B16F89F414BB6E3C0098A8C3 /* en */ = {isa = PBXFileReference; lastKnownFileType = file.xib; name = en; path = en.lproj/MainWindow.xib; sourceTree = "<group>"; };
		B16F89F614BB6E3C0098A8C3 /* RootViewController.h */ = {isa = PBXFileReference; lastKnownFileType = sourcecode.c.h; path = RootViewController.h; sourceTree = "<group>"; };
		B16F89F714BB6E3C0098A8C3 /* RootViewController.m */ = {isa = PBXFileReference; lastKnownFileType = sourcecode.c.objc; path = RootViewController.m; sourceTree = "<group>"; };
		B16F89FA14BB6E3C0098A8C3 /* en */ = {isa = PBXFileReference; lastKnownFileType = file.xib; name = en; path = en.lproj/RootViewController.xib; sourceTree = "<group>"; };
		B16F8A0914BB71190098A8C3 /* OriginViewController.h */ = {isa = PBXFileReference; fileEncoding = 4; lastKnownFileType = sourcecode.c.h; path = OriginViewController.h; sourceTree = "<group>"; };
		B16F8A0A14BB71190098A8C3 /* OriginViewController.m */ = {isa = PBXFileReference; fileEncoding = 4; lastKnownFileType = sourcecode.c.objc; path = OriginViewController.m; sourceTree = "<group>"; };
		B16F8A0B14BB71190098A8C3 /* OriginViewController.xib */ = {isa = PBXFileReference; fileEncoding = 4; lastKnownFileType = file.xib; path = OriginViewController.xib; sourceTree = "<group>"; };
		B16F8A1614BB74E70098A8C3 /* DestinationViewController.h */ = {isa = PBXFileReference; fileEncoding = 4; lastKnownFileType = sourcecode.c.h; path = DestinationViewController.h; sourceTree = "<group>"; };
		B16F8A1714BB74E70098A8C3 /* DestinationViewController.m */ = {isa = PBXFileReference; fileEncoding = 4; lastKnownFileType = sourcecode.c.objc; path = DestinationViewController.m; sourceTree = "<group>"; };
		B16F8A1814BB74E70098A8C3 /* DestinationViewController.xib */ = {isa = PBXFileReference; fileEncoding = 4; lastKnownFileType = file.xib; path = DestinationViewController.xib; sourceTree = "<group>"; };
		B16F8A1B14BB759D0098A8C3 /* FlightScheduleViewController.h */ = {isa = PBXFileReference; fileEncoding = 4; lastKnownFileType = sourcecode.c.h; path = FlightScheduleViewController.h; sourceTree = "<group>"; };
		B16F8A1C14BB759D0098A8C3 /* FlightScheduleViewController.m */ = {isa = PBXFileReference; fileEncoding = 4; lastKnownFileType = sourcecode.c.objc; path = FlightScheduleViewController.m; sourceTree = "<group>"; };
		B16F8A1D14BB759D0098A8C3 /* FlightScheduleViewController.xib */ = {isa = PBXFileReference; fileEncoding = 4; lastKnownFileType = file.xib; path = FlightScheduleViewController.xib; sourceTree = "<group>"; };
		B16F8A2D14BB84D00098A8C3 /* FlightScheduleCell.xib */ = {isa = PBXFileReference; fileEncoding = 4; lastKnownFileType = file.xib; path = FlightScheduleCell.xib; sourceTree = "<group>"; };
		B16F8A2F14BB84E60098A8C3 /* FlightScheduleCell.h */ = {isa = PBXFileReference; fileEncoding = 4; lastKnownFileType = sourcecode.c.h; path = FlightScheduleCell.h; sourceTree = "<group>"; };
		B16F8A3014BB84E60098A8C3 /* FlightScheduleCell.m */ = {isa = PBXFileReference; fileEncoding = 4; lastKnownFileType = sourcecode.c.objc; path = FlightScheduleCell.m; sourceTree = "<group>"; };
		B18F87E914BCCC9500F39218 /* OriginDestination.plist */ = {isa = PBXFileReference; fileEncoding = 4; lastKnownFileType = text.plist.xml; path = OriginDestination.plist; sourceTree = "<group>"; };
		B1C6BD9714CA998400A89AA0 /* ASIAuthenticationDialog.h */ = {isa = PBXFileReference; fileEncoding = 4; lastKnownFileType = sourcecode.c.h; path = ASIAuthenticationDialog.h; sourceTree = "<group>"; };
		B1C6BD9814CA998400A89AA0 /* ASIAuthenticationDialog.m */ = {isa = PBXFileReference; fileEncoding = 4; lastKnownFileType = sourcecode.c.objc; path = ASIAuthenticationDialog.m; sourceTree = "<group>"; };
		B1C6BD9914CA998400A89AA0 /* ASICacheDelegate.h */ = {isa = PBXFileReference; fileEncoding = 4; lastKnownFileType = sourcecode.c.h; path = ASICacheDelegate.h; sourceTree = "<group>"; };
		B1C6BD9A14CA998400A89AA0 /* ASIDataCompressor.h */ = {isa = PBXFileReference; fileEncoding = 4; lastKnownFileType = sourcecode.c.h; path = ASIDataCompressor.h; sourceTree = "<group>"; };
		B1C6BD9B14CA998400A89AA0 /* ASIDataCompressor.m */ = {isa = PBXFileReference; fileEncoding = 4; lastKnownFileType = sourcecode.c.objc; path = ASIDataCompressor.m; sourceTree = "<group>"; };
		B1C6BD9C14CA998400A89AA0 /* ASIDataDecompressor.h */ = {isa = PBXFileReference; fileEncoding = 4; lastKnownFileType = sourcecode.c.h; path = ASIDataDecompressor.h; sourceTree = "<group>"; };
		B1C6BD9D14CA998400A89AA0 /* ASIDataDecompressor.m */ = {isa = PBXFileReference; fileEncoding = 4; lastKnownFileType = sourcecode.c.objc; path = ASIDataDecompressor.m; sourceTree = "<group>"; };
		B1C6BD9E14CA998400A89AA0 /* ASIDownloadCache.h */ = {isa = PBXFileReference; fileEncoding = 4; lastKnownFileType = sourcecode.c.h; path = ASIDownloadCache.h; sourceTree = "<group>"; };
		B1C6BD9F14CA998400A89AA0 /* ASIDownloadCache.m */ = {isa = PBXFileReference; fileEncoding = 4; lastKnownFileType = sourcecode.c.objc; path = ASIDownloadCache.m; sourceTree = "<group>"; };
		B1C6BDA014CA998400A89AA0 /* ASIFormDataRequest.h */ = {isa = PBXFileReference; fileEncoding = 4; lastKnownFileType = sourcecode.c.h; path = ASIFormDataRequest.h; sourceTree = "<group>"; };
		B1C6BDA114CA998400A89AA0 /* ASIFormDataRequest.m */ = {isa = PBXFileReference; fileEncoding = 4; lastKnownFileType = sourcecode.c.objc; path = ASIFormDataRequest.m; sourceTree = "<group>"; };
		B1C6BDA214CA998400A89AA0 /* ASIHTTPRequest.h */ = {isa = PBXFileReference; fileEncoding = 4; lastKnownFileType = sourcecode.c.h; path = ASIHTTPRequest.h; sourceTree = "<group>"; };
		B1C6BDA314CA998400A89AA0 /* ASIHTTPRequest.m */ = {isa = PBXFileReference; fileEncoding = 4; lastKnownFileType = sourcecode.c.objc; path = ASIHTTPRequest.m; sourceTree = "<group>"; };
		B1C6BDA414CA998400A89AA0 /* ASIHTTPRequestConfig.h */ = {isa = PBXFileReference; fileEncoding = 4; lastKnownFileType = sourcecode.c.h; path = ASIHTTPRequestConfig.h; sourceTree = "<group>"; };
		B1C6BDA514CA998400A89AA0 /* ASIHTTPRequestDelegate.h */ = {isa = PBXFileReference; fileEncoding = 4; lastKnownFileType = sourcecode.c.h; path = ASIHTTPRequestDelegate.h; sourceTree = "<group>"; };
		B1C6BDA614CA998400A89AA0 /* ASIInputStream.h */ = {isa = PBXFileReference; fileEncoding = 4; lastKnownFileType = sourcecode.c.h; path = ASIInputStream.h; sourceTree = "<group>"; };
		B1C6BDA714CA998400A89AA0 /* ASIInputStream.m */ = {isa = PBXFileReference; fileEncoding = 4; lastKnownFileType = sourcecode.c.objc; path = ASIInputStream.m; sourceTree = "<group>"; };
		B1C6BDA814CA998400A89AA0 /* ASINetworkQueue.h */ = {isa = PBXFileReference; fileEncoding = 4; lastKnownFileType = sourcecode.c.h; path = ASINetworkQueue.h; sourceTree = "<group>"; };
		B1C6BDA914CA998400A89AA0 /* ASINetworkQueue.m */ = {isa = PBXFileReference; fileEncoding = 4; lastKnownFileType = sourcecode.c.objc; path = ASINetworkQueue.m; sourceTree = "<group>"; };
		B1C6BDAA14CA998400A89AA0 /* ASIProgressDelegate.h */ = {isa = PBXFileReference; fileEncoding = 4; lastKnownFileType = sourcecode.c.h; path = ASIProgressDelegate.h; sourceTree = "<group>"; };
		B1C6BDAF14CA998400A89AA0 /* Reachability.h */ = {isa = PBXFileReference; fileEncoding = 4; lastKnownFileType = sourcecode.c.h; path = Reachability.h; sourceTree = "<group>"; };
		B1C6BDB014CA998400A89AA0 /* Reachability.m */ = {isa = PBXFileReference; fileEncoding = 4; lastKnownFileType = sourcecode.c.objc; path = Reachability.m; sourceTree = "<group>"; };
		B1C6BDBB14CA99BD00A89AA0 /* CFNetwork.framework */ = {isa = PBXFileReference; lastKnownFileType = wrapper.framework; name = CFNetwork.framework; path = System/Library/Frameworks/CFNetwork.framework; sourceTree = SDKROOT; };
		B1C6BDBD14CA99CA00A89AA0 /* SystemConfiguration.framework */ = {isa = PBXFileReference; lastKnownFileType = wrapper.framework; name = SystemConfiguration.framework; path = System/Library/Frameworks/SystemConfiguration.framework; sourceTree = SDKROOT; };
		B1C6BDBF14CA99D300A89AA0 /* MobileCoreServices.framework */ = {isa = PBXFileReference; lastKnownFileType = wrapper.framework; name = MobileCoreServices.framework; path = System/Library/Frameworks/MobileCoreServices.framework; sourceTree = SDKROOT; };
		B1C6BDC114CA99DD00A89AA0 /* CoreGraphics.framework */ = {isa = PBXFileReference; lastKnownFileType = wrapper.framework; name = CoreGraphics.framework; path = System/Library/Frameworks/CoreGraphics.framework; sourceTree = SDKROOT; };
		B1C6BDC214CA99EA00A89AA0 /* libz.dylib */ = {isa = PBXFileReference; lastKnownFileType = "compiled.mach-o.dylib"; name = libz.dylib; path = usr/lib/libz.dylib; sourceTree = SDKROOT; };
		B1C6BDC414CA9C9700A89AA0 /* FlightNumberViewController.h */ = {isa = PBXFileReference; fileEncoding = 4; lastKnownFileType = sourcecode.c.h; path = FlightNumberViewController.h; sourceTree = "<group>"; };
		B1C6BDC514CA9C9700A89AA0 /* FlightNumberViewController.m */ = {isa = PBXFileReference; fileEncoding = 4; lastKnownFileType = sourcecode.c.objc; path = FlightNumberViewController.m; sourceTree = "<group>"; };
		B1C6BDC614CA9C9700A89AA0 /* FlightNumberViewController.xib */ = {isa = PBXFileReference; fileEncoding = 4; lastKnownFileType = file.xib; path = FlightNumberViewController.xib; sourceTree = "<group>"; };
		B1C6BDD214CAB51F00A89AA0 /* JSON.h */ = {isa = PBXFileReference; fileEncoding = 4; lastKnownFileType = sourcecode.c.h; path = JSON.h; sourceTree = "<group>"; };
		B1C6BDD314CAB51F00A89AA0 /* NSObject+SBJSON.h */ = {isa = PBXFileReference; fileEncoding = 4; lastKnownFileType = sourcecode.c.h; path = "NSObject+SBJSON.h"; sourceTree = "<group>"; };
		B1C6BDD414CAB51F00A89AA0 /* NSObject+SBJSON.m */ = {isa = PBXFileReference; fileEncoding = 4; lastKnownFileType = sourcecode.c.objc; path = "NSObject+SBJSON.m"; sourceTree = "<group>"; };
		B1C6BDD514CAB51F00A89AA0 /* NSString+SBJSON.h */ = {isa = PBXFileReference; fileEncoding = 4; lastKnownFileType = sourcecode.c.h; path = "NSString+SBJSON.h"; sourceTree = "<group>"; };
		B1C6BDD614CAB51F00A89AA0 /* NSString+SBJSON.m */ = {isa = PBXFileReference; fileEncoding = 4; lastKnownFileType = sourcecode.c.objc; path = "NSString+SBJSON.m"; sourceTree = "<group>"; };
		B1C6BDD714CAB51F00A89AA0 /* SBJsonBase.h */ = {isa = PBXFileReference; fileEncoding = 4; lastKnownFileType = sourcecode.c.h; path = SBJsonBase.h; sourceTree = "<group>"; };
		B1C6BDD814CAB51F00A89AA0 /* SBJsonBase.m */ = {isa = PBXFileReference; fileEncoding = 4; lastKnownFileType = sourcecode.c.objc; path = SBJsonBase.m; sourceTree = "<group>"; };
		B1C6BDD914CAB51F00A89AA0 /* SBJsonParser.h */ = {isa = PBXFileReference; fileEncoding = 4; lastKnownFileType = sourcecode.c.h; path = SBJsonParser.h; sourceTree = "<group>"; };
		B1C6BDDA14CAB51F00A89AA0 /* SBJsonParser.m */ = {isa = PBXFileReference; fileEncoding = 4; lastKnownFileType = sourcecode.c.objc; path = SBJsonParser.m; sourceTree = "<group>"; };
		B1C6BDDB14CAB51F00A89AA0 /* SBJsonWriter.h */ = {isa = PBXFileReference; fileEncoding = 4; lastKnownFileType = sourcecode.c.h; path = SBJsonWriter.h; sourceTree = "<group>"; };
		B1C6BDDC14CAB51F00A89AA0 /* SBJsonWriter.m */ = {isa = PBXFileReference; fileEncoding = 4; lastKnownFileType = sourcecode.c.objc; path = SBJsonWriter.m; sourceTree = "<group>"; };
/* End PBXFileReference section */

/* Begin PBXFrameworksBuildPhase section */
		B16F89DA14BB6E3C0098A8C3 /* Frameworks */ = {
			isa = PBXFrameworksBuildPhase;
			buildActionMask = 2147483647;
			files = (
				B1C6BDC314CA99EA00A89AA0 /* libz.dylib in Frameworks */,
				B16F89E614BB6E3C0098A8C3 /* CoreGraphics.framework in Frameworks */,
				B1C6BDC014CA99D300A89AA0 /* MobileCoreServices.framework in Frameworks */,
				B1C6BDBE14CA99CA00A89AA0 /* SystemConfiguration.framework in Frameworks */,
				B1C6BDBC14CA99BD00A89AA0 /* CFNetwork.framework in Frameworks */,
				B16F89E214BB6E3C0098A8C3 /* UIKit.framework in Frameworks */,
				B16F89E414BB6E3C0098A8C3 /* Foundation.framework in Frameworks */,
			);
			runOnlyForDeploymentPostprocessing = 0;
		};
/* End PBXFrameworksBuildPhase section */

/* Begin PBXGroup section */
		B16F89D214BB6E3C0098A8C3 = {
			isa = PBXGroup;
			children = (
				B16F89E714BB6E3C0098A8C3 /* FlightPing */,
				B16F89E014BB6E3C0098A8C3 /* Frameworks */,
				B16F89DE14BB6E3C0098A8C3 /* Products */,
			);
			sourceTree = "<group>";
		};
		B16F89DE14BB6E3C0098A8C3 /* Products */ = {
			isa = PBXGroup;
			children = (
				B16F89DD14BB6E3C0098A8C3 /* FlightPing.app */,
			);
			name = Products;
			sourceTree = "<group>";
		};
		B16F89E014BB6E3C0098A8C3 /* Frameworks */ = {
			isa = PBXGroup;
			children = (
				B1C6BDC214CA99EA00A89AA0 /* libz.dylib */,
				B1C6BDC114CA99DD00A89AA0 /* CoreGraphics.framework */,
				B1C6BDBF14CA99D300A89AA0 /* MobileCoreServices.framework */,
				B1C6BDBD14CA99CA00A89AA0 /* SystemConfiguration.framework */,
				B1C6BDBB14CA99BD00A89AA0 /* CFNetwork.framework */,
				B16F89E114BB6E3C0098A8C3 /* UIKit.framework */,
				B16F89E314BB6E3C0098A8C3 /* Foundation.framework */,
				B16F89E514BB6E3C0098A8C3 /* CoreGraphics.framework */,
			);
			name = Frameworks;
			sourceTree = "<group>";
		};
		B16F89E714BB6E3C0098A8C3 /* FlightPing */ = {
			isa = PBXGroup;
			children = (
				B1C6BDD114CAB51F00A89AA0 /* JSON */,
				B1C6BD9514CA998400A89AA0 /* asi-http-request */,
				B18F87E714BCCB5E00F39218 /* NibFIles */,
				B16F89F014BB6E3C0098A8C3 /* FlightPingAppDelegate.h */,
				B16F89F114BB6E3C0098A8C3 /* FlightPingAppDelegate.m */,
				B16F89F614BB6E3C0098A8C3 /* RootViewController.h */,
				B16F89F714BB6E3C0098A8C3 /* RootViewController.m */,
				B1C6BDC414CA9C9700A89AA0 /* FlightNumberViewController.h */,
				B1C6BDC514CA9C9700A89AA0 /* FlightNumberViewController.m */,
				B16F8A1614BB74E70098A8C3 /* DestinationViewController.h */,
				B16F8A1714BB74E70098A8C3 /* DestinationViewController.m */,
				B16F8A1B14BB759D0098A8C3 /* FlightScheduleViewController.h */,
				B16F8A1C14BB759D0098A8C3 /* FlightScheduleViewController.m */,
				B16F8A0914BB71190098A8C3 /* OriginViewController.h */,
				B16F8A0A14BB71190098A8C3 /* OriginViewController.m */,
				B16F89E814BB6E3C0098A8C3 /* Supporting Files */,
				B16F8A2F14BB84E60098A8C3 /* FlightScheduleCell.h */,
				B16F8A3014BB84E60098A8C3 /* FlightScheduleCell.m */,
			);
			path = FlightPing;
			sourceTree = "<group>";
		};
		B16F89E814BB6E3C0098A8C3 /* Supporting Files */ = {
			isa = PBXGroup;
			children = (
				B18F87E914BCCC9500F39218 /* OriginDestination.plist */,
				B16F89E914BB6E3C0098A8C3 /* FlightPing-Info.plist */,
				B16F89EA14BB6E3C0098A8C3 /* InfoPlist.strings */,
				B16F89ED14BB6E3C0098A8C3 /* FlightPing-Prefix.pch */,
				B16F89EE14BB6E3C0098A8C3 /* main.m */,
			);
			name = "Supporting Files";
			sourceTree = "<group>";
		};
		B18F87E714BCCB5E00F39218 /* NibFIles */ = {
			isa = PBXGroup;
			children = (
				B16F89F314BB6E3C0098A8C3 /* MainWindow.xib */,
				B16F8A1814BB74E70098A8C3 /* DestinationViewController.xib */,
				B16F89F914BB6E3C0098A8C3 /* RootViewController.xib */,
				B16F8A1D14BB759D0098A8C3 /* FlightScheduleViewController.xib */,
				B16F8A0B14BB71190098A8C3 /* OriginViewController.xib */,
				B16F8A2D14BB84D00098A8C3 /* FlightScheduleCell.xib */,
				B1C6BDC614CA9C9700A89AA0 /* FlightNumberViewController.xib */,
			);
			name = NibFIles;
			sourceTree = "<group>";
		};
		B1C6BD9514CA998400A89AA0 /* asi-http-request */ = {
			isa = PBXGroup;
			children = (
				B1C6BD9614CA998400A89AA0 /* Classses */,
				B1C6BDAB14CA998400A89AA0 /* External */,
			);
			path = "asi-http-request";
			sourceTree = "<group>";
		};
		B1C6BD9614CA998400A89AA0 /* Classses */ = {
			isa = PBXGroup;
			children = (
				B1C6BD9714CA998400A89AA0 /* ASIAuthenticationDialog.h */,
				B1C6BD9814CA998400A89AA0 /* ASIAuthenticationDialog.m */,
				B1C6BD9914CA998400A89AA0 /* ASICacheDelegate.h */,
				B1C6BD9A14CA998400A89AA0 /* ASIDataCompressor.h */,
				B1C6BD9B14CA998400A89AA0 /* ASIDataCompressor.m */,
				B1C6BD9C14CA998400A89AA0 /* ASIDataDecompressor.h */,
				B1C6BD9D14CA998400A89AA0 /* ASIDataDecompressor.m */,
				B1C6BD9E14CA998400A89AA0 /* ASIDownloadCache.h */,
				B1C6BD9F14CA998400A89AA0 /* ASIDownloadCache.m */,
				B1C6BDA014CA998400A89AA0 /* ASIFormDataRequest.h */,
				B1C6BDA114CA998400A89AA0 /* ASIFormDataRequest.m */,
				B1C6BDA214CA998400A89AA0 /* ASIHTTPRequest.h */,
				B1C6BDA314CA998400A89AA0 /* ASIHTTPRequest.m */,
				B1C6BDA414CA998400A89AA0 /* ASIHTTPRequestConfig.h */,
				B1C6BDA514CA998400A89AA0 /* ASIHTTPRequestDelegate.h */,
				B1C6BDA614CA998400A89AA0 /* ASIInputStream.h */,
				B1C6BDA714CA998400A89AA0 /* ASIInputStream.m */,
				B1C6BDA814CA998400A89AA0 /* ASINetworkQueue.h */,
				B1C6BDA914CA998400A89AA0 /* ASINetworkQueue.m */,
				B1C6BDAA14CA998400A89AA0 /* ASIProgressDelegate.h */,
			);
			path = Classses;
			sourceTree = "<group>";
		};
		B1C6BDAB14CA998400A89AA0 /* External */ = {
			isa = PBXGroup;
			children = (
				B1C6BDAE14CA998400A89AA0 /* Reachability */,
			);
			path = External;
			sourceTree = "<group>";
		};
		B1C6BDAE14CA998400A89AA0 /* Reachability */ = {
			isa = PBXGroup;
			children = (
				B1C6BDAF14CA998400A89AA0 /* Reachability.h */,
				B1C6BDB014CA998400A89AA0 /* Reachability.m */,
			);
			path = Reachability;
			sourceTree = "<group>";
		};
		B1C6BDD114CAB51F00A89AA0 /* JSON */ = {
			isa = PBXGroup;
			children = (
				B1C6BDD214CAB51F00A89AA0 /* JSON.h */,
				B1C6BDD314CAB51F00A89AA0 /* NSObject+SBJSON.h */,
				B1C6BDD414CAB51F00A89AA0 /* NSObject+SBJSON.m */,
				B1C6BDD514CAB51F00A89AA0 /* NSString+SBJSON.h */,
				B1C6BDD614CAB51F00A89AA0 /* NSString+SBJSON.m */,
				B1C6BDD714CAB51F00A89AA0 /* SBJsonBase.h */,
				B1C6BDD814CAB51F00A89AA0 /* SBJsonBase.m */,
				B1C6BDD914CAB51F00A89AA0 /* SBJsonParser.h */,
				B1C6BDDA14CAB51F00A89AA0 /* SBJsonParser.m */,
				B1C6BDDB14CAB51F00A89AA0 /* SBJsonWriter.h */,
				B1C6BDDC14CAB51F00A89AA0 /* SBJsonWriter.m */,
			);
			path = JSON;
			sourceTree = "<group>";
		};
/* End PBXGroup section */

/* Begin PBXNativeTarget section */
		B16F89DC14BB6E3C0098A8C3 /* FlightPing */ = {
			isa = PBXNativeTarget;
			buildConfigurationList = B16F89FE14BB6E3C0098A8C3 /* Build configuration list for PBXNativeTarget "FlightPing" */;
			buildPhases = (
				B16F89D914BB6E3C0098A8C3 /* Sources */,
				B16F89DA14BB6E3C0098A8C3 /* Frameworks */,
				B16F89DB14BB6E3C0098A8C3 /* Resources */,
			);
			buildRules = (
			);
			dependencies = (
			);
			name = FlightPing;
			productName = FlightPing;
			productReference = B16F89DD14BB6E3C0098A8C3 /* FlightPing.app */;
			productType = "com.apple.product-type.application";
		};
/* End PBXNativeTarget section */

/* Begin PBXProject section */
		B16F89D414BB6E3C0098A8C3 /* Project object */ = {
			isa = PBXProject;
			buildConfigurationList = B16F89D714BB6E3C0098A8C3 /* Build configuration list for PBXProject "FlightPing" */;
			compatibilityVersion = "Xcode 3.2";
			developmentRegion = English;
			hasScannedForEncodings = 0;
			knownRegions = (
				en,
			);
			mainGroup = B16F89D214BB6E3C0098A8C3;
			productRefGroup = B16F89DE14BB6E3C0098A8C3 /* Products */;
			projectDirPath = "";
			projectRoot = "";
			targets = (
				B16F89DC14BB6E3C0098A8C3 /* FlightPing */,
			);
		};
/* End PBXProject section */

/* Begin PBXResourcesBuildPhase section */
		B16F89DB14BB6E3C0098A8C3 /* Resources */ = {
			isa = PBXResourcesBuildPhase;
			buildActionMask = 2147483647;
			files = (
				B16F89EC14BB6E3C0098A8C3 /* InfoPlist.strings in Resources */,
				B16F89F514BB6E3C0098A8C3 /* MainWindow.xib in Resources */,
				B16F89FB14BB6E3C0098A8C3 /* RootViewController.xib in Resources */,
				B16F8A0D14BB71190098A8C3 /* OriginViewController.xib in Resources */,
				B16F8A1A14BB74E70098A8C3 /* DestinationViewController.xib in Resources */,
				B16F8A1F14BB759E0098A8C3 /* FlightScheduleViewController.xib in Resources */,
				B16F8A2E14BB84D00098A8C3 /* FlightScheduleCell.xib in Resources */,
				B18F87EA14BCCC9500F39218 /* OriginDestination.plist in Resources */,
				B1C6BDC814CA9C9700A89AA0 /* FlightNumberViewController.xib in Resources */,
			);
			runOnlyForDeploymentPostprocessing = 0;
		};
/* End PBXResourcesBuildPhase section */

/* Begin PBXSourcesBuildPhase section */
		B16F89D914BB6E3C0098A8C3 /* Sources */ = {
			isa = PBXSourcesBuildPhase;
			buildActionMask = 2147483647;
			files = (
				B16F89EF14BB6E3C0098A8C3 /* main.m in Sources */,
				B16F89F214BB6E3C0098A8C3 /* FlightPingAppDelegate.m in Sources */,
				B16F89F814BB6E3C0098A8C3 /* RootViewController.m in Sources */,
				B16F8A0C14BB71190098A8C3 /* OriginViewController.m in Sources */,
				B16F8A1914BB74E70098A8C3 /* DestinationViewController.m in Sources */,
				B16F8A1E14BB759E0098A8C3 /* FlightScheduleViewController.m in Sources */,
				B16F8A3114BB84E70098A8C3 /* FlightScheduleCell.m in Sources */,
				B1C6BDB114CA998400A89AA0 /* ASIAuthenticationDialog.m in Sources */,
				B1C6BDB214CA998400A89AA0 /* ASIDataCompressor.m in Sources */,
				B1C6BDB314CA998400A89AA0 /* ASIDataDecompressor.m in Sources */,
				B1C6BDB414CA998400A89AA0 /* ASIDownloadCache.m in Sources */,
				B1C6BDB514CA998400A89AA0 /* ASIFormDataRequest.m in Sources */,
				B1C6BDB614CA998400A89AA0 /* ASIHTTPRequest.m in Sources */,
				B1C6BDB714CA998400A89AA0 /* ASIInputStream.m in Sources */,
				B1C6BDB814CA998400A89AA0 /* ASINetworkQueue.m in Sources */,
				B1C6BDBA14CA998400A89AA0 /* Reachability.m in Sources */,
				B1C6BDC714CA9C9700A89AA0 /* FlightNumberViewController.m in Sources */,
				B1C6BDDD14CAB51F00A89AA0 /* NSObject+SBJSON.m in Sources */,
				B1C6BDDE14CAB51F00A89AA0 /* NSString+SBJSON.m in Sources */,
				B1C6BDDF14CAB51F00A89AA0 /* SBJsonBase.m in Sources */,
				B1C6BDE014CAB51F00A89AA0 /* SBJsonParser.m in Sources */,
				B1C6BDE114CAB51F00A89AA0 /* SBJsonWriter.m in Sources */,
			);
			runOnlyForDeploymentPostprocessing = 0;
		};
/* End PBXSourcesBuildPhase section */

/* Begin PBXVariantGroup section */
		B16F89EA14BB6E3C0098A8C3 /* InfoPlist.strings */ = {
			isa = PBXVariantGroup;
			children = (
				B16F89EB14BB6E3C0098A8C3 /* en */,
			);
			name = InfoPlist.strings;
			sourceTree = "<group>";
		};
		B16F89F314BB6E3C0098A8C3 /* MainWindow.xib */ = {
			isa = PBXVariantGroup;
			children = (
				B16F89F414BB6E3C0098A8C3 /* en */,
			);
			name = MainWindow.xib;
			sourceTree = "<group>";
		};
		B16F89F914BB6E3C0098A8C3 /* RootViewController.xib */ = {
			isa = PBXVariantGroup;
			children = (
				B16F89FA14BB6E3C0098A8C3 /* en */,
			);
			name = RootViewController.xib;
			sourceTree = "<group>";
		};
/* End PBXVariantGroup section */

/* Begin XCBuildConfiguration section */
		B16F89FC14BB6E3C0098A8C3 /* Debug */ = {
			isa = XCBuildConfiguration;
			buildSettings = {
				ARCHS = "$(ARCHS_STANDARD_32_BIT)";
				"CODE_SIGN_IDENTITY[sdk=iphoneos*]" = "iPhone Developer";
				GCC_C_LANGUAGE_STANDARD = gnu99;
				GCC_OPTIMIZATION_LEVEL = 0;
				GCC_PREPROCESSOR_DEFINITIONS = DEBUG;
				GCC_SYMBOLS_PRIVATE_EXTERN = NO;
				GCC_VERSION = com.apple.compilers.llvmgcc42;
				GCC_WARN_ABOUT_RETURN_TYPE = YES;
				GCC_WARN_UNUSED_VARIABLE = YES;
				IPHONEOS_DEPLOYMENT_TARGET = 4.3;
				SDKROOT = iphoneos;
			};
			name = Debug;
		};
		B16F89FD14BB6E3C0098A8C3 /* Release */ = {
			isa = XCBuildConfiguration;
			buildSettings = {
				ARCHS = "$(ARCHS_STANDARD_32_BIT)";
				"CODE_SIGN_IDENTITY[sdk=iphoneos*]" = "iPhone Developer";
				GCC_C_LANGUAGE_STANDARD = gnu99;
				GCC_VERSION = com.apple.compilers.llvmgcc42;
				GCC_WARN_ABOUT_RETURN_TYPE = YES;
				GCC_WARN_UNUSED_VARIABLE = YES;
				IPHONEOS_DEPLOYMENT_TARGET = 4.3;
				OTHER_CFLAGS = "-DNS_BLOCK_ASSERTIONS=1";
				SDKROOT = iphoneos;
			};
			name = Release;
		};
		B16F89FF14BB6E3C0098A8C3 /* Debug */ = {
			isa = XCBuildConfiguration;
			buildSettings = {
				ALWAYS_SEARCH_USER_PATHS = NO;
				COPY_PHASE_STRIP = NO;
				GCC_DYNAMIC_NO_PIC = NO;
				GCC_PRECOMPILE_PREFIX_HEADER = YES;
				GCC_PREFIX_HEADER = "FlightPing/FlightPing-Prefix.pch";
				INFOPLIST_FILE = "FlightPing/FlightPing-Info.plist";
				PRODUCT_NAME = "$(TARGET_NAME)";
				WRAPPER_EXTENSION = app;
			};
			name = Debug;
		};
		B16F8A0014BB6E3C0098A8C3 /* Release */ = {
			isa = XCBuildConfiguration;
			buildSettings = {
				ALWAYS_SEARCH_USER_PATHS = NO;
				COPY_PHASE_STRIP = YES;
				GCC_PRECOMPILE_PREFIX_HEADER = YES;
				GCC_PREFIX_HEADER = "FlightPing/FlightPing-Prefix.pch";
				INFOPLIST_FILE = "FlightPing/FlightPing-Info.plist";
				PRODUCT_NAME = "$(TARGET_NAME)";
				VALIDATE_PRODUCT = YES;
				WRAPPER_EXTENSION = app;
			};
			name = Release;
		};
/* End XCBuildConfiguration section */

/* Begin XCConfigurationList section */
		B16F89D714BB6E3C0098A8C3 /* Build configuration list for PBXProject "FlightPing" */ = {
			isa = XCConfigurationList;
			buildConfigurations = (
				B16F89FC14BB6E3C0098A8C3 /* Debug */,
				B16F89FD14BB6E3C0098A8C3 /* Release */,
			);
			defaultConfigurationIsVisible = 0;
			defaultConfigurationName = Release;
		};
		B16F89FE14BB6E3C0098A8C3 /* Build configuration list for PBXNativeTarget "FlightPing" */ = {
			isa = XCConfigurationList;
			buildConfigurations = (
				B16F89FF14BB6E3C0098A8C3 /* Debug */,
				B16F8A0014BB6E3C0098A8C3 /* Release */,
			);
			defaultConfigurationIsVisible = 0;
			defaultConfigurationName = Release;
		};
/* End XCConfigurationList section */
	};
	rootObject = B16F89D414BB6E3C0098A8C3 /* Project object */;
}
