// !$*UTF8*$!
{
	archiveVersion = 1;
	classes = {
	};
	objectVersion = 46;
	objects = {

/* Begin PBXBuildFile section */
		B16F89E214BB6E3C0098A8C3 /* UIKit.framework in Frameworks */ = {isa = PBXBuildFile; fileRef = B16F89E114BB6E3C0098A8C3 /* UIKit.framework */; };
		B16F89E414BB6E3C0098A8C3 /* Foundation.framework in Frameworks */ = {isa = PBXBuildFile; fileRef = B16F89E314BB6E3C0098A8C3 /* Foundation.framework */; };
		B16F89E614BB6E3C0098A8C3 /* CoreGraphics.framework in Frameworks */ = {isa = PBXBuildFile; fileRef = B16F89E514BB6E3C0098A8C3 /* CoreGraphics.framework */; };
		B16F89EC14BB6E3C0098A8C3 /* InfoPlist.strings in Resources */ = {isa = PBXBuildFile; fileRef = B16F89EA14BB6E3C0098A8C3 /* InfoPlist.strings */; };
		B16F89EF14BB6E3C0098A8C3 /* main.m in Sources */ = {isa = PBXBuildFile; fileRef = B16F89EE14BB6E3C0098A8C3 /* main.m */; };
		B16F89F214BB6E3C0098A8C3 /* FlightPingAppDelegate.m in Sources */ = {isa = PBXBuildFile; fileRef = B16F89F114BB6E3C0098A8C3 /* FlightPingAppDelegate.m */; };
		B16F89F514BB6E3C0098A8C3 /* MainWindow.xib in Resources */ = {isa = PBXBuildFile; fileRef = B16F89F314BB6E3C0098A8C3 /* MainWindow.xib */; };
		B16F89F814BB6E3C0098A8C3 /* RootViewController.m in Sources */ = {isa = PBXBuildFile; fileRef = B16F89F714BB6E3C0098A8C3 /* RootViewController.m */; };
		B16F89FB14BB6E3C0098A8C3 /* RootViewController.xib in Resources */ = {isa = PBXBuildFile; fileRef = B16F89F914BB6E3C0098A8C3 /* RootViewController.xib */; };
/* End PBXBuildFile section */

/* Begin PBXFileReference section */
		B16F89DD14BB6E3C0098A8C3 /* FlightPing.app */ = {isa = PBXFileReference; explicitFileType = wrapper.application; includeInIndex = 0; path = FlightPing.app; sourceTree = BUILT_PRODUCTS_DIR; };
		B16F89E114BB6E3C0098A8C3 /* UIKit.framework */ = {isa = PBXFileReference; lastKnownFileType = wrapper.framework; name = UIKit.framework; path = System/Library/Frameworks/UIKit.framework; sourceTree = SDKROOT; };
		B16F89E314BB6E3C0098A8C3 /* Foundation.framework */ = {isa = PBXFileReference; lastKnownFileType = wrapper.framework; name = Foundation.framework; path = System/Library/Frameworks/Foundation.framework; sourceTree = SDKROOT; };
		B16F89E514BB6E3C0098A8C3 /* CoreGraphics.framework */ = {isa = PBXFileReference; lastKnownFileType = wrapper.framework; name = CoreGraphics.framework; path = System/Library/Frameworks/CoreGraphics.framework; sourceTree = SDKROOT; };
		B16F89E914BB6E3C0098A8C3 /* FlightPing-Info.plist */ = {isa = PBXFileReference; path = "FlightPing-Info.plist"; sourceTree = "<group>"; };
		B16F89EB14BB6E3C0098A8C3 /* en */ = {isa = PBXFileReference; lastKnownFileType = text.plist.strings; name = en; path = en.lproj/InfoPlist.strings; sourceTree = "<group>"; };
		B16F89ED14BB6E3C0098A8C3 /* FlightPing-Prefix.pch */ = {isa = PBXFileReference; path = "FlightPing-Prefix.pch"; sourceTree = "<group>"; };
		B16F89EE14BB6E3C0098A8C3 /* main.m */ = {isa = PBXFileReference; lastKnownFileType = sourcecode.c.objc; path = main.m; sourceTree = "<group>"; };
		B16F89F014BB6E3C0098A8C3 /* FlightPingAppDelegate.h */ = {isa = PBXFileReference; path = FlightPingAppDelegate.h; sourceTree = "<group>"; };
		B16F89F114BB6E3C0098A8C3 /* FlightPingAppDelegate.m */ = {isa = PBXFileReference; lastKnownFileType = sourcecode.c.objc; path = FlightPingAppDelegate.m; sourceTree = "<group>"; };
		B16F89F414BB6E3C0098A8C3 /* en */ = {isa = PBXFileReference; lastKnownFileType = file.xib; name = en; path = en.lproj/MainWindow.xib; sourceTree = "<group>"; };
		B16F89F614BB6E3C0098A8C3 /* RootViewController.h */ = {isa = PBXFileReference; path = RootViewController.h; sourceTree = "<group>"; };
		B16F89F714BB6E3C0098A8C3 /* RootViewController.m */ = {isa = PBXFileReference; lastKnownFileType = sourcecode.c.objc; path = RootViewController.m; sourceTree = "<group>"; };
		B16F89FA14BB6E3C0098A8C3 /* en */ = {isa = PBXFileReference; lastKnownFileType = file.xib; name = en; path = en.lproj/RootViewController.xib; sourceTree = "<group>"; };
/* End PBXFileReference section */

/* Begin PBXFrameworksBuildPhase section */
		B16F89DA14BB6E3C0098A8C3 /* Frameworks */ = {
			isa = PBXFrameworksBuildPhase;
			buildActionMask = 2147483647;
			files = (
				B16F89E214BB6E3C0098A8C3 /* UIKit.framework in Frameworks */,
				B16F89E414BB6E3C0098A8C3 /* Foundation.framework in Frameworks */,
				B16F89E614BB6E3C0098A8C3 /* CoreGraphics.framework in Frameworks */,
			);
			runOnlyForDeploymentPostprocessing = 0;
		};
/* End PBXFrameworksBuildPhase section */

/* Begin PBXGroup section */
		B16F89D214BB6E3C0098A8C3 = {
			isa = PBXGroup;
			children = (
				B16F89E714BB6E3C0098A8C3 /* FlightPing */,
				B16F89E014BB6E3C0098A8C3 /* Frameworks */,
				B16F89DE14BB6E3C0098A8C3 /* Products */,
			);
			sourceTree = "<group>";
		};
		B16F89DE14BB6E3C0098A8C3 /* Products */ = {
			isa = PBXGroup;
			children = (
				B16F89DD14BB6E3C0098A8C3 /* FlightPing.app */,
			);
			name = Products;
			sourceTree = "<group>";
		};
		B16F89E014BB6E3C0098A8C3 /* Frameworks */ = {
			isa = PBXGroup;
			children = (
				B16F89E114BB6E3C0098A8C3 /* UIKit.framework */,
				B16F89E314BB6E3C0098A8C3 /* Foundation.framework */,
				B16F89E514BB6E3C0098A8C3 /* CoreGraphics.framework */,
			);
			name = Frameworks;
			sourceTree = "<group>";
		};
		B16F89E714BB6E3C0098A8C3 /* FlightPing */ = {
			isa = PBXGroup;
			children = (
				B16F89F014BB6E3C0098A8C3 /* FlightPingAppDelegate.h */,
				B16F89F114BB6E3C0098A8C3 /* FlightPingAppDelegate.m */,
				B16F89F314BB6E3C0098A8C3 /* MainWindow.xib */,
				B16F89F614BB6E3C0098A8C3 /* RootViewController.h */,
				B16F89F714BB6E3C0098A8C3 /* RootViewController.m */,
				B16F89F914BB6E3C0098A8C3 /* RootViewController.xib */,
				B16F89E814BB6E3C0098A8C3 /* Supporting Files */,
			);
			path = FlightPing;
			sourceTree = "<group>";
		};
		B16F89E814BB6E3C0098A8C3 /* Supporting Files */ = {
			isa = PBXGroup;
			children = (
				B16F89E914BB6E3C0098A8C3 /* FlightPing-Info.plist */,
				B16F89EA14BB6E3C0098A8C3 /* InfoPlist.strings */,
				B16F89ED14BB6E3C0098A8C3 /* FlightPing-Prefix.pch */,
				B16F89EE14BB6E3C0098A8C3 /* main.m */,
			);
			name = "Supporting Files";
			sourceTree = "<group>";
		};
/* End PBXGroup section */

/* Begin PBXNativeTarget section */
		B16F89DC14BB6E3C0098A8C3 /* FlightPing */ = {
			isa = PBXNativeTarget;
			buildConfigurationList = B16F89FE14BB6E3C0098A8C3 /* Build configuration list for PBXNativeTarget "FlightPing" */;
			buildPhases = (
				B16F89D914BB6E3C0098A8C3 /* Sources */,
				B16F89DA14BB6E3C0098A8C3 /* Frameworks */,
				B16F89DB14BB6E3C0098A8C3 /* Resources */,
			);
			buildRules = (
			);
			dependencies = (
			);
			name = FlightPing;
			productName = FlightPing;
			productReference = B16F89DD14BB6E3C0098A8C3 /* FlightPing.app */;
			productType = "com.apple.product-type.application";
		};
/* End PBXNativeTarget section */

/* Begin PBXProject section */
		B16F89D414BB6E3C0098A8C3 /* Project object */ = {
			isa = PBXProject;
			buildConfigurationList = B16F89D714BB6E3C0098A8C3 /* Build configuration list for PBXProject "FlightPing" */;
			compatibilityVersion = "Xcode 3.2";
			developmentRegion = English;
			hasScannedForEncodings = 0;
			knownRegions = (
				en,
			);
			mainGroup = B16F89D214BB6E3C0098A8C3;
			productRefGroup = B16F89DE14BB6E3C0098A8C3 /* Products */;
			projectDirPath = "";
			projectRoot = "";
			targets = (
				B16F89DC14BB6E3C0098A8C3 /* FlightPing */,
			);
		};
/* End PBXProject section */

/* Begin PBXResourcesBuildPhase section */
		B16F89DB14BB6E3C0098A8C3 /* Resources */ = {
			isa = PBXResourcesBuildPhase;
			buildActionMask = 2147483647;
			files = (
				B16F89EC14BB6E3C0098A8C3 /* InfoPlist.strings in Resources */,
				B16F89F514BB6E3C0098A8C3 /* MainWindow.xib in Resources */,
				B16F89FB14BB6E3C0098A8C3 /* RootViewController.xib in Resources */,
			);
			runOnlyForDeploymentPostprocessing = 0;
		};
/* End PBXResourcesBuildPhase section */

/* Begin PBXSourcesBuildPhase section */
		B16F89D914BB6E3C0098A8C3 /* Sources */ = {
			isa = PBXSourcesBuildPhase;
			buildActionMask = 2147483647;
			files = (
				B16F89EF14BB6E3C0098A8C3 /* main.m in Sources */,
				B16F89F214BB6E3C0098A8C3 /* FlightPingAppDelegate.m in Sources */,
				B16F89F814BB6E3C0098A8C3 /* RootViewController.m in Sources */,
			);
			runOnlyForDeploymentPostprocessing = 0;
		};
/* End PBXSourcesBuildPhase section */

/* Begin PBXVariantGroup section */
		B16F89EA14BB6E3C0098A8C3 /* InfoPlist.strings */ = {
			isa = PBXVariantGroup;
			children = (
				B16F89EB14BB6E3C0098A8C3 /* en */,
			);
			name = InfoPlist.strings;
			sourceTree = "<group>";
		};
		B16F89F314BB6E3C0098A8C3 /* MainWindow.xib */ = {
			isa = PBXVariantGroup;
			children = (
				B16F89F414BB6E3C0098A8C3 /* en */,
			);
			name = MainWindow.xib;
			sourceTree = "<group>";
		};
		B16F89F914BB6E3C0098A8C3 /* RootViewController.xib */ = {
			isa = PBXVariantGroup;
			children = (
				B16F89FA14BB6E3C0098A8C3 /* en */,
			);
			name = RootViewController.xib;
			sourceTree = "<group>";
		};
/* End PBXVariantGroup section */

/* Begin XCBuildConfiguration section */
		B16F89FC14BB6E3C0098A8C3 /* Debug */ = {
			isa = XCBuildConfiguration;
			buildSettings = {
				ARCHS = "$(ARCHS_STANDARD_32_BIT)";
				"CODE_SIGN_IDENTITY[sdk=iphoneos*]" = "iPhone Developer";
				GCC_C_LANGUAGE_STANDARD = gnu99;
				GCC_OPTIMIZATION_LEVEL = 0;
				GCC_PREPROCESSOR_DEFINITIONS = DEBUG;
				GCC_SYMBOLS_PRIVATE_EXTERN = NO;
				GCC_VERSION = com.apple.compilers.llvmgcc42;
				GCC_WARN_ABOUT_RETURN_TYPE = YES;
				GCC_WARN_UNUSED_VARIABLE = YES;
				IPHONEOS_DEPLOYMENT_TARGET = 4.3;
				SDKROOT = iphoneos;
			};
			name = Debug;
		};
		B16F89FD14BB6E3C0098A8C3 /* Release */ = {
			isa = XCBuildConfiguration;
			buildSettings = {
				ARCHS = "$(ARCHS_STANDARD_32_BIT)";
				"CODE_SIGN_IDENTITY[sdk=iphoneos*]" = "iPhone Developer";
				GCC_C_LANGUAGE_STANDARD = gnu99;
				GCC_VERSION = com.apple.compilers.llvmgcc42;
				GCC_WARN_ABOUT_RETURN_TYPE = YES;
				GCC_WARN_UNUSED_VARIABLE = YES;
				IPHONEOS_DEPLOYMENT_TARGET = 4.3;
				OTHER_CFLAGS = "-DNS_BLOCK_ASSERTIONS=1";
				SDKROOT = iphoneos;
			};
			name = Release;
		};
		B16F89FF14BB6E3C0098A8C3 /* Debug */ = {
			isa = XCBuildConfiguration;
			buildSettings = {
				ALWAYS_SEARCH_USER_PATHS = NO;
				COPY_PHASE_STRIP = NO;
				GCC_DYNAMIC_NO_PIC = NO;
				GCC_PRECOMPILE_PREFIX_HEADER = YES;
				GCC_PREFIX_HEADER = "FlightPing/FlightPing-Prefix.pch";
				INFOPLIST_FILE = "FlightPing/FlightPing-Info.plist";
				PRODUCT_NAME = "$(TARGET_NAME)";
				WRAPPER_EXTENSION = app;
			};
			name = Debug;
		};
		B16F8A0014BB6E3C0098A8C3 /* Release */ = {
			isa = XCBuildConfiguration;
			buildSettings = {
				ALWAYS_SEARCH_USER_PATHS = NO;
				COPY_PHASE_STRIP = YES;
				GCC_PRECOMPILE_PREFIX_HEADER = YES;
				GCC_PREFIX_HEADER = "FlightPing/FlightPing-Prefix.pch";
				INFOPLIST_FILE = "FlightPing/FlightPing-Info.plist";
				PRODUCT_NAME = "$(TARGET_NAME)";
				VALIDATE_PRODUCT = YES;
				WRAPPER_EXTENSION = app;
			};
			name = Release;
		};
/* End XCBuildConfiguration section */

/* Begin XCConfigurationList section */
		B16F89D714BB6E3C0098A8C3 /* Build configuration list for PBXProject "FlightPing" */ = {
			isa = XCConfigurationList;
			buildConfigurations = (
				B16F89FC14BB6E3C0098A8C3 /* Debug */,
				B16F89FD14BB6E3C0098A8C3 /* Release */,
			);
			defaultConfigurationIsVisible = 0;
			defaultConfigurationName = Release;
		};
		B16F89FE14BB6E3C0098A8C3 /* Build configuration list for PBXNativeTarget "FlightPing" */ = {
			isa = XCConfigurationList;
			buildConfigurations = (
				B16F89FF14BB6E3C0098A8C3 /* Debug */,
				B16F8A0014BB6E3C0098A8C3 /* Release */,
			);
			defaultConfigurationIsVisible = 0;
		};
/* End XCConfigurationList section */
	};
	rootObject = B16F89D414BB6E3C0098A8C3 /* Project object */;
}
